
Microsoft Visual Studio Solution File, Format Version 12.00
# Visual Studio Version 16
VisualStudioVersion = 16.0.30406.217
MinimumVisualStudioVersion = 10.0.40219.1
Project("{9A19103F-16F7-4668-BE54-9A1E7A4F7556}") = "MvcCoreBugTracker.App", "src\MvcCoreBugTracker.App\MvcCoreBugTracker.App.csproj", "{F94223E5-32D5-43DB-AAAF-F7E8CC2D901D}"
EndProject
Project("{9A19103F-16F7-4668-BE54-9A1E7A4F7556}") = "MvcCoreBugTracker.Business", "src\MvcCoreBugTracker.Business\MvcCoreBugTracker.Business.csproj", "{3073E098-CC49-4E95-9192-3A28CD6E3711}"
EndProject
Project("{9A19103F-16F7-4668-BE54-9A1E7A4F7556}") = "MvcCoreBugTracker.Data", "src\MvcCoreBugTracker.Data\MvcCoreBugTracker.Data.csproj", "{F5D39759-2A57-4DBF-ADC1-EF27356E8F40}"
EndProject
Global
	GlobalSection(SolutionConfigurationPlatforms) = preSolution
		Debug|Any CPU = Debug|Any CPU
		Release|Any CPU = Release|Any CPU
	EndGlobalSection
	GlobalSection(ProjectConfigurationPlatforms) = postSolution
		{F94223E5-32D5-43DB-AAAF-F7E8CC2D901D}.Debug|Any CPU.ActiveCfg = Debug|Any CPU
		{F94223E5-32D5-43DB-AAAF-F7E8CC2D901D}.Debug|Any CPU.Build.0 = Debug|Any CPU
		{F94223E5-32D5-43DB-AAAF-F7E8CC2D901D}.Release|Any CPU.ActiveCfg = Release|Any CPU
		{F94223E5-32D5-43DB-AAAF-F7E8CC2D901D}.Release|Any CPU.Build.0 = Release|Any CPU
		{3073E098-CC49-4E95-9192-3A28CD6E3711}.Debug|Any CPU.ActiveCfg = Debug|Any CPU
		{3073E098-CC49-4E95-9192-3A28CD6E3711}.Debug|Any CPU.Build.0 = Debug|Any CPU
		{3073E098-CC49-4E95-9192-3A28CD6E3711}.Release|Any CPU.ActiveCfg = Release|Any CPU
		{3073E098-CC49-4E95-9192-3A28CD6E3711}.Release|Any CPU.Build.0 = Release|Any CPU
		{F5D39759-2A57-4DBF-ADC1-EF27356E8F40}.Debug|Any CPU.ActiveCfg = Debug|Any CPU
		{F5D39759-2A57-4DBF-ADC1-EF27356E8F40}.Debug|Any CPU.Build.0 = Debug|Any CPU
		{F5D39759-2A57-4DBF-ADC1-EF27356E8F40}.Release|Any CPU.ActiveCfg = Release|Any CPU
		{F5D39759-2A57-4DBF-ADC1-EF27356E8F40}.Release|Any CPU.Build.0 = Release|Any CPU
	EndGlobalSection
	GlobalSection(SolutionProperties) = preSolution
		HideSolutionNode = FALSE
	EndGlobalSection
	GlobalSection(ExtensibilityGlobals) = postSolution
		SolutionGuid = {671EAA7F-BECC-4D60-8E7D-9E4570A423F3}
	EndGlobalSection
EndGlobal
